// !$*UTF8*$!
{
	archiveVersion = 1;
	classes = {
	};
	objectVersion = 46;
	objects = {

/* Begin PBXBuildFile section */
		B0DC3CE17A243AE17938B896 /* Pods_SportBookUITests.framework in Frameworks */ = {isa = PBXBuildFile; fileRef = 2B427DEF1612F4A55DC3CA76 /* Pods_SportBookUITests.framework */; };
		C39BF3826B813B95FC71DAB7 /* Pods_SportBook.framework in Frameworks */ = {isa = PBXBuildFile; fileRef = 42704F6E113E2491B3558520 /* Pods_SportBook.framework */; };
		C93482031ED59B4100B069C1 /* ForgotPasswordViewModel.swift in Sources */ = {isa = PBXBuildFile; fileRef = C93482021ED59B4100B069C1 /* ForgotPasswordViewModel.swift */; };
		C93482061ED59B4800B069C1 /* LoginViewModel.swift in Sources */ = {isa = PBXBuildFile; fileRef = C93482041ED59B4800B069C1 /* LoginViewModel.swift */; };
		C93482071ED59B4800B069C1 /* SignupViewModel.swift in Sources */ = {isa = PBXBuildFile; fileRef = C93482051ED59B4800B069C1 /* SignupViewModel.swift */; };
		C93BCC161ED7EDCB008A99FC /* AuthManager.swift in Sources */ = {isa = PBXBuildFile; fileRef = C93BCC151ED7EDCB008A99FC /* AuthManager.swift */; };
		C93BCC181ED81338008A99FC /* Validation.swift in Sources */ = {isa = PBXBuildFile; fileRef = C93BCC171ED81338008A99FC /* Validation.swift */; };
		C94941D71ECBF5DC00C21862 /* AppDelegate.swift in Sources */ = {isa = PBXBuildFile; fileRef = C94941D61ECBF5DC00C21862 /* AppDelegate.swift */; };
		C94941D91ECBF5DC00C21862 /* MainViewController.swift in Sources */ = {isa = PBXBuildFile; fileRef = C94941D81ECBF5DC00C21862 /* MainViewController.swift */; };
		C94941DE1ECBF5DC00C21862 /* Assets.xcassets in Resources */ = {isa = PBXBuildFile; fileRef = C94941DD1ECBF5DC00C21862 /* Assets.xcassets */; };
		C94941EC1ECBF5DD00C21862 /* SportBookTests.swift in Sources */ = {isa = PBXBuildFile; fileRef = C94941EB1ECBF5DD00C21862 /* SportBookTests.swift */; };
		C94941F71ECBF5DD00C21862 /* SportBookUITests.swift in Sources */ = {isa = PBXBuildFile; fileRef = C94941F61ECBF5DD00C21862 /* SportBookUITests.swift */; };
		C949420E1ECBF8CA00C21862 /* LaunchScreen.storyboard in Resources */ = {isa = PBXBuildFile; fileRef = C949420D1ECBF8CA00C21862 /* LaunchScreen.storyboard */; };
		C94942101ECBF8EC00C21862 /* Main.storyboard in Resources */ = {isa = PBXBuildFile; fileRef = C949420F1ECBF8EC00C21862 /* Main.storyboard */; };
		C96AC9771ECD85030055580B /* UIStoryboard+Loader.swift in Sources */ = {isa = PBXBuildFile; fileRef = C96AC9761ECD85030055580B /* UIStoryboard+Loader.swift */; };
		C96AC9821ECD88900055580B /* BaseViewController.swift in Sources */ = {isa = PBXBuildFile; fileRef = C96AC9811ECD88900055580B /* BaseViewController.swift */; };
		C96AC9881ECD99000055580B /* Authentication.storyboard in Resources */ = {isa = PBXBuildFile; fileRef = C96AC9841ECD99000055580B /* Authentication.storyboard */; };
		C96AC9891ECD99000055580B /* ForgotPasswordViewController.swift in Sources */ = {isa = PBXBuildFile; fileRef = C96AC9851ECD99000055580B /* ForgotPasswordViewController.swift */; };
		C96AC98A1ECD99000055580B /* LoginViewController.swift in Sources */ = {isa = PBXBuildFile; fileRef = C96AC9861ECD99000055580B /* LoginViewController.swift */; };
		C96AC98B1ECD99000055580B /* SignupViewController.swift in Sources */ = {isa = PBXBuildFile; fileRef = C96AC9871ECD99000055580B /* SignupViewController.swift */; };
		C97522D21EE6533A00104336 /* MyTournamentViewController.swift in Sources */ = {isa = PBXBuildFile; fileRef = C97522D11EE6533A00104336 /* MyTournamentViewController.swift */; };
		C97522D41EE6573200104336 /* TournamentDetailViewController.swift in Sources */ = {isa = PBXBuildFile; fileRef = C97522D31EE6573200104336 /* TournamentDetailViewController.swift */; };
		C98FD1CA1EDD5127004BA4E3 /* ThemeManager.swift in Sources */ = {isa = PBXBuildFile; fileRef = C98FD1C91EDD5127004BA4E3 /* ThemeManager.swift */; };
		C9AE767D1EDFC6CC00F2D4D4 /* TournamentViewController.swift in Sources */ = {isa = PBXBuildFile; fileRef = C9AE767C1EDFC6CC00F2D4D4 /* TournamentViewController.swift */; };
		C9AE767F1EDFC76000F2D4D4 /* StatisticViewController.swift in Sources */ = {isa = PBXBuildFile; fileRef = C9AE767E1EDFC76000F2D4D4 /* StatisticViewController.swift */; };
		C9B27E831EDE6D93009532E2 /* Localizable.strings in Resources */ = {isa = PBXBuildFile; fileRef = C9B27E851EDE6D93009532E2 /* Localizable.strings */; };
		C9B27E8D1EDED89B009532E2 /* ErrorManager.swift in Sources */ = {isa = PBXBuildFile; fileRef = C9B27E8C1EDED89B009532E2 /* ErrorManager.swift */; };
		C9B65D6A1EE7B21400C6F84C /* TournamentViewModel.swift in Sources */ = {isa = PBXBuildFile; fileRef = C9B65D691EE7B21400C6F84C /* TournamentViewModel.swift */; };
		C9B65D6C1EE7B21E00C6F84C /* MyTournamentViewModel.swift in Sources */ = {isa = PBXBuildFile; fileRef = C9B65D6B1EE7B21E00C6F84C /* MyTournamentViewModel.swift */; };
		C9B65D6E1EE7B23000C6F84C /* TournamentSignUpViewModel.swift in Sources */ = {isa = PBXBuildFile; fileRef = C9B65D6D1EE7B23000C6F84C /* TournamentSignUpViewModel.swift */; };
		C9B65D701EE7B23D00C6F84C /* TournamentDetailViewModel.swift in Sources */ = {isa = PBXBuildFile; fileRef = C9B65D6F1EE7B23D00C6F84C /* TournamentDetailViewModel.swift */; };
		C9B65D721EE7B63300C6F84C /* TournamentModel.swift in Sources */ = {isa = PBXBuildFile; fileRef = C9B65D711EE7B63300C6F84C /* TournamentModel.swift */; };
		C9B65D741EE7DDD700C6F84C /* CachedManager.swift in Sources */ = {isa = PBXBuildFile; fileRef = C9B65D731EE7DDD700C6F84C /* CachedManager.swift */; };
		C9B65D771EE7E61F00C6F84C /* TournamentCell.swift in Sources */ = {isa = PBXBuildFile; fileRef = C9B65D761EE7E61F00C6F84C /* TournamentCell.swift */; };
		C9B65D791EE7E62A00C6F84C /* MyTournamentCell.swift in Sources */ = {isa = PBXBuildFile; fileRef = C9B65D781EE7E62A00C6F84C /* MyTournamentCell.swift */; };
		C9D844691EE7FB0E00C77FD0 /* MyTournamentCell.swift in Sources */ = {isa = PBXBuildFile; fileRef = C9B65D781EE7E62A00C6F84C /* MyTournamentCell.swift */; };
		C9D8446A1EE7FB0E00C77FD0 /* ThemeManager.swift in Sources */ = {isa = PBXBuildFile; fileRef = C98FD1C91EDD5127004BA4E3 /* ThemeManager.swift */; };
		C9D8446B1EE7FB0E00C77FD0 /* UserManager.swift in Sources */ = {isa = PBXBuildFile; fileRef = C9E7087E1ED41CE00062B0BA /* UserManager.swift */; };
		C9D8446C1EE7FB0E00C77FD0 /* Validation.swift in Sources */ = {isa = PBXBuildFile; fileRef = C93BCC171ED81338008A99FC /* Validation.swift */; };
		C9D8446D1EE7FB0E00C77FD0 /* String+Extension.swift in Sources */ = {isa = PBXBuildFile; fileRef = C9E7087A1ED41C000062B0BA /* String+Extension.swift */; };
		C9D8446E1EE7FB0E00C77FD0 /* TournamentCell.swift in Sources */ = {isa = PBXBuildFile; fileRef = C9B65D761EE7E61F00C6F84C /* TournamentCell.swift */; };
		C9D8446F1EE7FB0E00C77FD0 /* ErrorManager.swift in Sources */ = {isa = PBXBuildFile; fileRef = C9B27E8C1EDED89B009532E2 /* ErrorManager.swift */; };
		C9D844701EE7FB0E00C77FD0 /* ProfileViewController.swift in Sources */ = {isa = PBXBuildFile; fileRef = C9F429371ED5683700A304C3 /* ProfileViewController.swift */; };
		C9D844711EE7FB0E00C77FD0 /* TournamentAPI.swift in Sources */ = {isa = PBXBuildFile; fileRef = C9E708721ED3DF0E0062B0BA /* TournamentAPI.swift */; };
		C9D844721EE7FB0E00C77FD0 /* TournamentViewController.swift in Sources */ = {isa = PBXBuildFile; fileRef = C9AE767C1EDFC6CC00F2D4D4 /* TournamentViewController.swift */; };
		C9D844731EE7FB0E00C77FD0 /* LoginViewController.swift in Sources */ = {isa = PBXBuildFile; fileRef = C96AC9861ECD99000055580B /* LoginViewController.swift */; };
		C9D844741EE7FB0E00C77FD0 /* SkillAPI.swift in Sources */ = {isa = PBXBuildFile; fileRef = C9E708761ED3E6630062B0BA /* SkillAPI.swift */; };
		C9D844751EE7FB0E00C77FD0 /* SignupViewModel.swift in Sources */ = {isa = PBXBuildFile; fileRef = C93482051ED59B4800B069C1 /* SignupViewModel.swift */; };
		C9D844761EE7FB0E00C77FD0 /* ForgotPasswordViewModel.swift in Sources */ = {isa = PBXBuildFile; fileRef = C93482021ED59B4100B069C1 /* ForgotPasswordViewModel.swift */; };
		C9D844771EE7FB0E00C77FD0 /* MyTournamentViewController.swift in Sources */ = {isa = PBXBuildFile; fileRef = C97522D11EE6533A00104336 /* MyTournamentViewController.swift */; };
		C9D844781EE7FB0E00C77FD0 /* SignupViewController.swift in Sources */ = {isa = PBXBuildFile; fileRef = C96AC9871ECD99000055580B /* SignupViewController.swift */; };
		C9D844791EE7FB0E00C77FD0 /* TournamentSignUpViewModel.swift in Sources */ = {isa = PBXBuildFile; fileRef = C9B65D6D1EE7B23000C6F84C /* TournamentSignUpViewModel.swift */; };
		C9D8447A1EE7FB0E00C77FD0 /* MainViewController.swift in Sources */ = {isa = PBXBuildFile; fileRef = C94941D81ECBF5DC00C21862 /* MainViewController.swift */; };
		C9D8447B1EE7FB0E00C77FD0 /* UserModel.swift in Sources */ = {isa = PBXBuildFile; fileRef = C9E7087C1ED41CCF0062B0BA /* UserModel.swift */; };
		C9D8447C1EE7FB0E00C77FD0 /* TournamentDetailViewController.swift in Sources */ = {isa = PBXBuildFile; fileRef = C97522D31EE6573200104336 /* TournamentDetailViewController.swift */; };
		C9D8447D1EE7FB0E00C77FD0 /* MyTournamentViewModel.swift in Sources */ = {isa = PBXBuildFile; fileRef = C9B65D6B1EE7B21E00C6F84C /* MyTournamentViewModel.swift */; };
		C9D8447E1EE7FB0E00C77FD0 /* ForgotPasswordViewController.swift in Sources */ = {isa = PBXBuildFile; fileRef = C96AC9851ECD99000055580B /* ForgotPasswordViewController.swift */; };
		C9D8447F1EE7FB0E00C77FD0 /* TournamentDetailViewModel.swift in Sources */ = {isa = PBXBuildFile; fileRef = C9B65D6F1EE7B23D00C6F84C /* TournamentDetailViewModel.swift */; };
		C9D844801EE7FB0E00C77FD0 /* SportBookAPI.swift in Sources */ = {isa = PBXBuildFile; fileRef = C9E708781ED3E73A0062B0BA /* SportBookAPI.swift */; };
		C9D844811EE7FB0E00C77FD0 /* AuthenticationAPI.swift in Sources */ = {isa = PBXBuildFile; fileRef = C9E708701ED3DEFC0062B0BA /* AuthenticationAPI.swift */; };
		C9D844821EE7FB0E00C77FD0 /* StatisticViewController.swift in Sources */ = {isa = PBXBuildFile; fileRef = C9AE767E1EDFC76000F2D4D4 /* StatisticViewController.swift */; };
		C9D844831EE7FB0E00C77FD0 /* AppDelegate.swift in Sources */ = {isa = PBXBuildFile; fileRef = C94941D61ECBF5DC00C21862 /* AppDelegate.swift */; };
		C9D844841EE7FB0E00C77FD0 /* TournamentModel.swift in Sources */ = {isa = PBXBuildFile; fileRef = C9B65D711EE7B63300C6F84C /* TournamentModel.swift */; };
		C9D844851EE7FB0E00C77FD0 /* BaseViewController.swift in Sources */ = {isa = PBXBuildFile; fileRef = C96AC9811ECD88900055580B /* BaseViewController.swift */; };
		C9D844861EE7FB0E00C77FD0 /* AuthManager.swift in Sources */ = {isa = PBXBuildFile; fileRef = C93BCC151ED7EDCB008A99FC /* AuthManager.swift */; };
		C9D844871EE7FB0E00C77FD0 /* CachedManager.swift in Sources */ = {isa = PBXBuildFile; fileRef = C9B65D731EE7DDD700C6F84C /* CachedManager.swift */; };
		C9D844881EE7FB0E00C77FD0 /* TournamentViewModel.swift in Sources */ = {isa = PBXBuildFile; fileRef = C9B65D691EE7B21400C6F84C /* TournamentViewModel.swift */; };
		C9D844891EE7FB0E00C77FD0 /* LoginViewModel.swift in Sources */ = {isa = PBXBuildFile; fileRef = C93482041ED59B4800B069C1 /* LoginViewModel.swift */; };
		C9D8448A1EE7FB0E00C77FD0 /* UIStoryboard+Loader.swift in Sources */ = {isa = PBXBuildFile; fileRef = C96AC9761ECD85030055580B /* UIStoryboard+Loader.swift */; };
		C9D8448C1EE7FB0E00C77FD0 /* Pods_SportBook.framework in Frameworks */ = {isa = PBXBuildFile; fileRef = 42704F6E113E2491B3558520 /* Pods_SportBook.framework */; };
		C9D8448E1EE7FB0E00C77FD0 /* Localizable.strings in Resources */ = {isa = PBXBuildFile; fileRef = C9B27E851EDE6D93009532E2 /* Localizable.strings */; };
		C9D8448F1EE7FB0E00C77FD0 /* Authentication.storyboard in Resources */ = {isa = PBXBuildFile; fileRef = C96AC9841ECD99000055580B /* Authentication.storyboard */; };
		C9D844901EE7FB0E00C77FD0 /* LaunchScreen.storyboard in Resources */ = {isa = PBXBuildFile; fileRef = C949420D1ECBF8CA00C21862 /* LaunchScreen.storyboard */; };
		C9D844911EE7FB0E00C77FD0 /* Assets.xcassets in Resources */ = {isa = PBXBuildFile; fileRef = C94941DD1ECBF5DC00C21862 /* Assets.xcassets */; };
		C9D844921EE7FB0E00C77FD0 /* Main.storyboard in Resources */ = {isa = PBXBuildFile; fileRef = C949420F1ECBF8EC00C21862 /* Main.storyboard */; };
		C9E708711ED3DEFC0062B0BA /* AuthenticationAPI.swift in Sources */ = {isa = PBXBuildFile; fileRef = C9E708701ED3DEFC0062B0BA /* AuthenticationAPI.swift */; };
		C9E708731ED3DF0E0062B0BA /* TournamentAPI.swift in Sources */ = {isa = PBXBuildFile; fileRef = C9E708721ED3DF0E0062B0BA /* TournamentAPI.swift */; };
		C9E708771ED3E6630062B0BA /* SkillAPI.swift in Sources */ = {isa = PBXBuildFile; fileRef = C9E708761ED3E6630062B0BA /* SkillAPI.swift */; };
		C9E708791ED3E73A0062B0BA /* SportBookAPI.swift in Sources */ = {isa = PBXBuildFile; fileRef = C9E708781ED3E73A0062B0BA /* SportBookAPI.swift */; };
		C9E7087B1ED41C000062B0BA /* String+Extension.swift in Sources */ = {isa = PBXBuildFile; fileRef = C9E7087A1ED41C000062B0BA /* String+Extension.swift */; };
		C9E7087D1ED41CCF0062B0BA /* UserModel.swift in Sources */ = {isa = PBXBuildFile; fileRef = C9E7087C1ED41CCF0062B0BA /* UserModel.swift */; };
		C9E7087F1ED41CE00062B0BA /* UserManager.swift in Sources */ = {isa = PBXBuildFile; fileRef = C9E7087E1ED41CE00062B0BA /* UserManager.swift */; };
		C9F429381ED5683700A304C3 /* ProfileViewController.swift in Sources */ = {isa = PBXBuildFile; fileRef = C9F429371ED5683700A304C3 /* ProfileViewController.swift */; };
		F452AAF280BCBB6D18391B5A /* Pods_SportBookTests.framework in Frameworks */ = {isa = PBXBuildFile; fileRef = 7B3C706898DB9052943EB172 /* Pods_SportBookTests.framework */; };
/* End PBXBuildFile section */

/* Begin PBXContainerItemProxy section */
		C94941E81ECBF5DD00C21862 /* PBXContainerItemProxy */ = {
			isa = PBXContainerItemProxy;
			containerPortal = C94941CB1ECBF5DC00C21862 /* Project object */;
			proxyType = 1;
			remoteGlobalIDString = C94941D21ECBF5DC00C21862;
			remoteInfo = SportBook;
		};
		C94941F31ECBF5DD00C21862 /* PBXContainerItemProxy */ = {
			isa = PBXContainerItemProxy;
			containerPortal = C94941CB1ECBF5DC00C21862 /* Project object */;
			proxyType = 1;
			remoteGlobalIDString = C94941D21ECBF5DC00C21862;
			remoteInfo = SportBook;
		};
/* End PBXContainerItemProxy section */

/* Begin PBXFileReference section */
		035B11BB9252AD20E439E961 /* Pods-SportBook.release.xcconfig */ = {isa = PBXFileReference; includeInIndex = 1; lastKnownFileType = text.xcconfig; name = "Pods-SportBook.release.xcconfig"; path = "Pods/Target Support Files/Pods-SportBook/Pods-SportBook.release.xcconfig"; sourceTree = "<group>"; };
		2B427DEF1612F4A55DC3CA76 /* Pods_SportBookUITests.framework */ = {isa = PBXFileReference; explicitFileType = wrapper.framework; includeInIndex = 0; path = Pods_SportBookUITests.framework; sourceTree = BUILT_PRODUCTS_DIR; };
		350684161D897DF674F8B065 /* Pods-SportBook.debug.xcconfig */ = {isa = PBXFileReference; includeInIndex = 1; lastKnownFileType = text.xcconfig; name = "Pods-SportBook.debug.xcconfig"; path = "Pods/Target Support Files/Pods-SportBook/Pods-SportBook.debug.xcconfig"; sourceTree = "<group>"; };
		42704F6E113E2491B3558520 /* Pods_SportBook.framework */ = {isa = PBXFileReference; explicitFileType = wrapper.framework; includeInIndex = 0; path = Pods_SportBook.framework; sourceTree = BUILT_PRODUCTS_DIR; };
		7B3C706898DB9052943EB172 /* Pods_SportBookTests.framework */ = {isa = PBXFileReference; explicitFileType = wrapper.framework; includeInIndex = 0; path = Pods_SportBookTests.framework; sourceTree = BUILT_PRODUCTS_DIR; };
		863EA37F482AD44FB37B2055 /* Pods-SportBookUITests.release.xcconfig */ = {isa = PBXFileReference; includeInIndex = 1; lastKnownFileType = text.xcconfig; name = "Pods-SportBookUITests.release.xcconfig"; path = "Pods/Target Support Files/Pods-SportBookUITests/Pods-SportBookUITests.release.xcconfig"; sourceTree = "<group>"; };
		86AE5EE0368962AAE5CED1B3 /* Pods-SportBookUITests.debug.xcconfig */ = {isa = PBXFileReference; includeInIndex = 1; lastKnownFileType = text.xcconfig; name = "Pods-SportBookUITests.debug.xcconfig"; path = "Pods/Target Support Files/Pods-SportBookUITests/Pods-SportBookUITests.debug.xcconfig"; sourceTree = "<group>"; };
		9F2388BB8D1FCE93A98C9C0A /* Pods-SportBookTests.debug.xcconfig */ = {isa = PBXFileReference; includeInIndex = 1; lastKnownFileType = text.xcconfig; name = "Pods-SportBookTests.debug.xcconfig"; path = "Pods/Target Support Files/Pods-SportBookTests/Pods-SportBookTests.debug.xcconfig"; sourceTree = "<group>"; };
		C93482021ED59B4100B069C1 /* ForgotPasswordViewModel.swift */ = {isa = PBXFileReference; fileEncoding = 4; lastKnownFileType = sourcecode.swift; path = ForgotPasswordViewModel.swift; sourceTree = "<group>"; };
		C93482041ED59B4800B069C1 /* LoginViewModel.swift */ = {isa = PBXFileReference; fileEncoding = 4; lastKnownFileType = sourcecode.swift; path = LoginViewModel.swift; sourceTree = "<group>"; };
		C93482051ED59B4800B069C1 /* SignupViewModel.swift */ = {isa = PBXFileReference; fileEncoding = 4; lastKnownFileType = sourcecode.swift; path = SignupViewModel.swift; sourceTree = "<group>"; };
		C93BCC151ED7EDCB008A99FC /* AuthManager.swift */ = {isa = PBXFileReference; fileEncoding = 4; lastKnownFileType = sourcecode.swift; path = AuthManager.swift; sourceTree = "<group>"; };
		C93BCC171ED81338008A99FC /* Validation.swift */ = {isa = PBXFileReference; fileEncoding = 4; lastKnownFileType = sourcecode.swift; path = Validation.swift; sourceTree = "<group>"; };
		C94941D31ECBF5DC00C21862 /* SportBook Staging.app */ = {isa = PBXFileReference; explicitFileType = wrapper.application; includeInIndex = 0; path = "SportBook Staging.app"; sourceTree = BUILT_PRODUCTS_DIR; };
		C94941D61ECBF5DC00C21862 /* AppDelegate.swift */ = {isa = PBXFileReference; lastKnownFileType = sourcecode.swift; name = AppDelegate.swift; path = Application/AppDelegate.swift; sourceTree = "<group>"; };
		C94941D81ECBF5DC00C21862 /* MainViewController.swift */ = {isa = PBXFileReference; lastKnownFileType = sourcecode.swift; path = MainViewController.swift; sourceTree = "<group>"; };
		C94941DD1ECBF5DC00C21862 /* Assets.xcassets */ = {isa = PBXFileReference; lastKnownFileType = folder.assetcatalog; name = Assets.xcassets; path = Application/Assets.xcassets; sourceTree = "<group>"; };
		C94941E21ECBF5DC00C21862 /* Staging Info.plist */ = {isa = PBXFileReference; lastKnownFileType = text.plist.xml; name = "Staging Info.plist"; path = "SportBook/Staging Info.plist"; sourceTree = "<group>"; };
		C94941E71ECBF5DD00C21862 /* SportBookTests.xctest */ = {isa = PBXFileReference; explicitFileType = wrapper.cfbundle; includeInIndex = 0; path = SportBookTests.xctest; sourceTree = BUILT_PRODUCTS_DIR; };
		C94941EB1ECBF5DD00C21862 /* SportBookTests.swift */ = {isa = PBXFileReference; lastKnownFileType = sourcecode.swift; path = SportBookTests.swift; sourceTree = "<group>"; };
		C94941ED1ECBF5DD00C21862 /* Info.plist */ = {isa = PBXFileReference; lastKnownFileType = text.plist.xml; path = Info.plist; sourceTree = "<group>"; };
		C94941F21ECBF5DD00C21862 /* SportBookUITests.xctest */ = {isa = PBXFileReference; explicitFileType = wrapper.cfbundle; includeInIndex = 0; path = SportBookUITests.xctest; sourceTree = BUILT_PRODUCTS_DIR; };
		C94941F61ECBF5DD00C21862 /* SportBookUITests.swift */ = {isa = PBXFileReference; lastKnownFileType = sourcecode.swift; path = SportBookUITests.swift; sourceTree = "<group>"; };
		C94941F81ECBF5DD00C21862 /* Info.plist */ = {isa = PBXFileReference; lastKnownFileType = text.plist.xml; path = Info.plist; sourceTree = "<group>"; };
		C949420D1ECBF8CA00C21862 /* LaunchScreen.storyboard */ = {isa = PBXFileReference; fileEncoding = 4; lastKnownFileType = file.storyboard; path = LaunchScreen.storyboard; sourceTree = "<group>"; };
		C949420F1ECBF8EC00C21862 /* Main.storyboard */ = {isa = PBXFileReference; fileEncoding = 4; lastKnownFileType = file.storyboard; path = Main.storyboard; sourceTree = "<group>"; };
		C96AC9761ECD85030055580B /* UIStoryboard+Loader.swift */ = {isa = PBXFileReference; fileEncoding = 4; lastKnownFileType = sourcecode.swift; path = "UIStoryboard+Loader.swift"; sourceTree = "<group>"; };
		C96AC9811ECD88900055580B /* BaseViewController.swift */ = {isa = PBXFileReference; fileEncoding = 4; lastKnownFileType = sourcecode.swift; path = BaseViewController.swift; sourceTree = "<group>"; };
		C96AC9841ECD99000055580B /* Authentication.storyboard */ = {isa = PBXFileReference; fileEncoding = 4; lastKnownFileType = file.storyboard; path = Authentication.storyboard; sourceTree = "<group>"; };
		C96AC9851ECD99000055580B /* ForgotPasswordViewController.swift */ = {isa = PBXFileReference; fileEncoding = 4; lastKnownFileType = sourcecode.swift; path = ForgotPasswordViewController.swift; sourceTree = "<group>"; };
		C96AC9861ECD99000055580B /* LoginViewController.swift */ = {isa = PBXFileReference; fileEncoding = 4; lastKnownFileType = sourcecode.swift; path = LoginViewController.swift; sourceTree = "<group>"; };
		C96AC9871ECD99000055580B /* SignupViewController.swift */ = {isa = PBXFileReference; fileEncoding = 4; lastKnownFileType = sourcecode.swift; path = SignupViewController.swift; sourceTree = "<group>"; };
		C97522D11EE6533A00104336 /* MyTournamentViewController.swift */ = {isa = PBXFileReference; fileEncoding = 4; lastKnownFileType = sourcecode.swift; path = MyTournamentViewController.swift; sourceTree = "<group>"; };
		C97522D31EE6573200104336 /* TournamentDetailViewController.swift */ = {isa = PBXFileReference; fileEncoding = 4; lastKnownFileType = sourcecode.swift; path = TournamentDetailViewController.swift; sourceTree = "<group>"; };
		C98FD1C91EDD5127004BA4E3 /* ThemeManager.swift */ = {isa = PBXFileReference; fileEncoding = 4; lastKnownFileType = sourcecode.swift; path = ThemeManager.swift; sourceTree = "<group>"; };
		C9AE767C1EDFC6CC00F2D4D4 /* TournamentViewController.swift */ = {isa = PBXFileReference; fileEncoding = 4; lastKnownFileType = sourcecode.swift; path = TournamentViewController.swift; sourceTree = "<group>"; };
		C9AE767E1EDFC76000F2D4D4 /* StatisticViewController.swift */ = {isa = PBXFileReference; fileEncoding = 4; lastKnownFileType = sourcecode.swift; path = StatisticViewController.swift; sourceTree = "<group>"; };
		C9B27E841EDE6D93009532E2 /* Base */ = {isa = PBXFileReference; lastKnownFileType = text.plist.strings; name = Base; path = Base.lproj/Localizable.strings; sourceTree = "<group>"; };
		C9B27E871EDE7411009532E2 /* vi */ = {isa = PBXFileReference; lastKnownFileType = text.plist.strings; name = vi; path = vi.lproj/Localizable.strings; sourceTree = "<group>"; };
		C9B27E8C1EDED89B009532E2 /* ErrorManager.swift */ = {isa = PBXFileReference; fileEncoding = 4; lastKnownFileType = sourcecode.swift; path = ErrorManager.swift; sourceTree = "<group>"; };
		C9B65D691EE7B21400C6F84C /* TournamentViewModel.swift */ = {isa = PBXFileReference; fileEncoding = 4; lastKnownFileType = sourcecode.swift; path = TournamentViewModel.swift; sourceTree = "<group>"; };
		C9B65D6B1EE7B21E00C6F84C /* MyTournamentViewModel.swift */ = {isa = PBXFileReference; fileEncoding = 4; lastKnownFileType = sourcecode.swift; path = MyTournamentViewModel.swift; sourceTree = "<group>"; };
		C9B65D6D1EE7B23000C6F84C /* TournamentSignUpViewModel.swift */ = {isa = PBXFileReference; fileEncoding = 4; lastKnownFileType = sourcecode.swift; name = TournamentSignUpViewModel.swift; path = ../../../../../../../../Applications/TournamentSignUpViewModel.swift; sourceTree = "<group>"; };
		C9B65D6F1EE7B23D00C6F84C /* TournamentDetailViewModel.swift */ = {isa = PBXFileReference; fileEncoding = 4; lastKnownFileType = sourcecode.swift; path = TournamentDetailViewModel.swift; sourceTree = "<group>"; };
		C9B65D711EE7B63300C6F84C /* TournamentModel.swift */ = {isa = PBXFileReference; fileEncoding = 4; lastKnownFileType = sourcecode.swift; path = TournamentModel.swift; sourceTree = "<group>"; };
		C9B65D731EE7DDD700C6F84C /* CachedManager.swift */ = {isa = PBXFileReference; fileEncoding = 4; lastKnownFileType = sourcecode.swift; path = CachedManager.swift; sourceTree = "<group>"; };
		C9B65D761EE7E61F00C6F84C /* TournamentCell.swift */ = {isa = PBXFileReference; fileEncoding = 4; lastKnownFileType = sourcecode.swift; path = TournamentCell.swift; sourceTree = "<group>"; };
		C9B65D781EE7E62A00C6F84C /* MyTournamentCell.swift */ = {isa = PBXFileReference; fileEncoding = 4; lastKnownFileType = sourcecode.swift; path = MyTournamentCell.swift; sourceTree = "<group>"; };
		C9D844991EE7FB0E00C77FD0 /* SportBook Production.app */ = {isa = PBXFileReference; explicitFileType = wrapper.application; includeInIndex = 0; path = "SportBook Production.app"; sourceTree = BUILT_PRODUCTS_DIR; };
		C9D8449A1EE7FB0E00C77FD0 /* Production Info.plist */ = {isa = PBXFileReference; lastKnownFileType = text.plist.xml; name = "Production Info.plist"; path = "/Users/ducbm/Documents/Dinosys/sportbook-ios-ducbm/Production Info.plist"; sourceTree = "<absolute>"; };
		C9E708701ED3DEFC0062B0BA /* AuthenticationAPI.swift */ = {isa = PBXFileReference; fileEncoding = 4; lastKnownFileType = sourcecode.swift; path = AuthenticationAPI.swift; sourceTree = "<group>"; };
		C9E708721ED3DF0E0062B0BA /* TournamentAPI.swift */ = {isa = PBXFileReference; fileEncoding = 4; lastKnownFileType = sourcecode.swift; path = TournamentAPI.swift; sourceTree = "<group>"; };
		C9E708761ED3E6630062B0BA /* SkillAPI.swift */ = {isa = PBXFileReference; fileEncoding = 4; lastKnownFileType = sourcecode.swift; path = SkillAPI.swift; sourceTree = "<group>"; };
		C9E708781ED3E73A0062B0BA /* SportBookAPI.swift */ = {isa = PBXFileReference; fileEncoding = 4; lastKnownFileType = sourcecode.swift; path = SportBookAPI.swift; sourceTree = "<group>"; };
		C9E7087A1ED41C000062B0BA /* String+Extension.swift */ = {isa = PBXFileReference; fileEncoding = 4; lastKnownFileType = sourcecode.swift; path = "String+Extension.swift"; sourceTree = "<group>"; };
		C9E7087C1ED41CCF0062B0BA /* UserModel.swift */ = {isa = PBXFileReference; fileEncoding = 4; lastKnownFileType = sourcecode.swift; path = UserModel.swift; sourceTree = "<group>"; };
		C9E7087E1ED41CE00062B0BA /* UserManager.swift */ = {isa = PBXFileReference; fileEncoding = 4; lastKnownFileType = sourcecode.swift; name = UserManager.swift; path = ../Services/UserManager.swift; sourceTree = "<group>"; };
		C9F429371ED5683700A304C3 /* ProfileViewController.swift */ = {isa = PBXFileReference; fileEncoding = 4; lastKnownFileType = sourcecode.swift; path = ProfileViewController.swift; sourceTree = "<group>"; };
		EE89B75FCAFF3E731AB7731A /* Pods-SportBookTests.release.xcconfig */ = {isa = PBXFileReference; includeInIndex = 1; lastKnownFileType = text.xcconfig; name = "Pods-SportBookTests.release.xcconfig"; path = "Pods/Target Support Files/Pods-SportBookTests/Pods-SportBookTests.release.xcconfig"; sourceTree = "<group>"; };
/* End PBXFileReference section */

/* Begin PBXFrameworksBuildPhase section */
		C94941D01ECBF5DC00C21862 /* Frameworks */ = {
			isa = PBXFrameworksBuildPhase;
			buildActionMask = 2147483647;
			files = (
				C39BF3826B813B95FC71DAB7 /* Pods_SportBook.framework in Frameworks */,
			);
			runOnlyForDeploymentPostprocessing = 0;
		};
		C94941E41ECBF5DD00C21862 /* Frameworks */ = {
			isa = PBXFrameworksBuildPhase;
			buildActionMask = 2147483647;
			files = (
				F452AAF280BCBB6D18391B5A /* Pods_SportBookTests.framework in Frameworks */,
			);
			runOnlyForDeploymentPostprocessing = 0;
		};
		C94941EF1ECBF5DD00C21862 /* Frameworks */ = {
			isa = PBXFrameworksBuildPhase;
			buildActionMask = 2147483647;
			files = (
				B0DC3CE17A243AE17938B896 /* Pods_SportBookUITests.framework in Frameworks */,
			);
			runOnlyForDeploymentPostprocessing = 0;
		};
		C9D8448B1EE7FB0E00C77FD0 /* Frameworks */ = {
			isa = PBXFrameworksBuildPhase;
			buildActionMask = 2147483647;
			files = (
				C9D8448C1EE7FB0E00C77FD0 /* Pods_SportBook.framework in Frameworks */,
			);
			runOnlyForDeploymentPostprocessing = 0;
		};
/* End PBXFrameworksBuildPhase section */

/* Begin PBXGroup section */
		0B902F756951F7EF046B4F20 /* Pods */ = {
			isa = PBXGroup;
			children = (
				350684161D897DF674F8B065 /* Pods-SportBook.debug.xcconfig */,
				035B11BB9252AD20E439E961 /* Pods-SportBook.release.xcconfig */,
				9F2388BB8D1FCE93A98C9C0A /* Pods-SportBookTests.debug.xcconfig */,
				EE89B75FCAFF3E731AB7731A /* Pods-SportBookTests.release.xcconfig */,
				86AE5EE0368962AAE5CED1B3 /* Pods-SportBookUITests.debug.xcconfig */,
				863EA37F482AD44FB37B2055 /* Pods-SportBookUITests.release.xcconfig */,
			);
			name = Pods;
			sourceTree = "<group>";
		};
		C93BCC141ED7ED98008A99FC /* Managers */ = {
			isa = PBXGroup;
			children = (
				C9E7087E1ED41CE00062B0BA /* UserManager.swift */,
				C93BCC151ED7EDCB008A99FC /* AuthManager.swift */,
				C98FD1C91EDD5127004BA4E3 /* ThemeManager.swift */,
				C9B27E8C1EDED89B009532E2 /* ErrorManager.swift */,
				C9B65D731EE7DDD700C6F84C /* CachedManager.swift */,
			);
			path = Managers;
			sourceTree = "<group>";
		};
		C94941CA1ECBF5DC00C21862 = {
			isa = PBXGroup;
			children = (
				C94941D51ECBF5DC00C21862 /* SportBook */,
				C94941E21ECBF5DC00C21862 /* Staging Info.plist */,
				C9D8449A1EE7FB0E00C77FD0 /* Production Info.plist */,
				C94941EA1ECBF5DD00C21862 /* SportBookTests */,
				C94941F51ECBF5DD00C21862 /* SportBookUITests */,
				C94941D41ECBF5DC00C21862 /* Products */,
				C94942191ECC047100C21862 /* Frameworks */,
				0B902F756951F7EF046B4F20 /* Pods */,
			);
			sourceTree = "<group>";
		};
		C94941D41ECBF5DC00C21862 /* Products */ = {
			isa = PBXGroup;
			children = (
				C94941D31ECBF5DC00C21862 /* SportBook Staging.app */,
				C94941E71ECBF5DD00C21862 /* SportBookTests.xctest */,
				C94941F21ECBF5DD00C21862 /* SportBookUITests.xctest */,
				C9D844991EE7FB0E00C77FD0 /* SportBook Production.app */,
			);
			name = Products;
			sourceTree = "<group>";
		};
		C94941D51ECBF5DC00C21862 /* SportBook */ = {
			isa = PBXGroup;
			children = (
				C94942041ECBF6F100C21862 /* Application */,
				C949420C1ECBF74900C21862 /* Resources */,
				C94942051ECBF6FC00C21862 /* Models */,
				C94942061ECBF70100C21862 /* Views */,
				C94942071ECBF70600C21862 /* ViewModels */,
				C94942081ECBF70E00C21862 /* Services */,
				C93BCC141ED7ED98008A99FC /* Managers */,
				C94942091ECBF71300C21862 /* Helpers */,
			);
			path = SportBook;
			sourceTree = "<group>";
		};
		C94941EA1ECBF5DD00C21862 /* SportBookTests */ = {
			isa = PBXGroup;
			children = (
				C94941EB1ECBF5DD00C21862 /* SportBookTests.swift */,
				C94941ED1ECBF5DD00C21862 /* Info.plist */,
			);
			path = SportBookTests;
			sourceTree = "<group>";
		};
		C94941F51ECBF5DD00C21862 /* SportBookUITests */ = {
			isa = PBXGroup;
			children = (
				C94941F61ECBF5DD00C21862 /* SportBookUITests.swift */,
				C94941F81ECBF5DD00C21862 /* Info.plist */,
			);
			path = SportBookUITests;
			sourceTree = "<group>";
		};
		C94942041ECBF6F100C21862 /* Application */ = {
			isa = PBXGroup;
			children = (
				C94941DD1ECBF5DC00C21862 /* Assets.xcassets */,
				C94941D61ECBF5DC00C21862 /* AppDelegate.swift */,
				C9B27E851EDE6D93009532E2 /* Localizable.strings */,
			);
			name = Application;
			sourceTree = "<group>";
		};
		C94942051ECBF6FC00C21862 /* Models */ = {
			isa = PBXGroup;
			children = (
				C9E7087C1ED41CCF0062B0BA /* UserModel.swift */,
				C9B65D711EE7B63300C6F84C /* TournamentModel.swift */,
			);
			path = Models;
			sourceTree = "<group>";
		};
		C94942061ECBF70100C21862 /* Views */ = {
			isa = PBXGroup;
			children = (
				C96AC9781ECD87290055580B /* AuthenticationView */,
				C949420B1ECBF72E00C21862 /* LaunchView */,
				C949420A1ECBF72000C21862 /* MainView */,
				C97522CE1EE652DC00104336 /* ProfileView */,
				C97522CF1EE652DC00104336 /* StatisticView */,
				C97522D01EE652DC00104336 /* TournamentView */,
				C96AC9811ECD88900055580B /* BaseViewController.swift */,
			);
			path = Views;
			sourceTree = "<group>";
		};
		C94942071ECBF70600C21862 /* ViewModels */ = {
			isa = PBXGroup;
			children = (
				C9B65D681EE7B1A100C6F84C /* TournamentViewModels */,
				C96AC9831ECD98410055580B /* AuthenticationViewModels */,
			);
			path = ViewModels;
			sourceTree = "<group>";
		};
		C94942081ECBF70E00C21862 /* Services */ = {
			isa = PBXGroup;
			children = (
				C9E7086F1ED3DED30062B0BA /* API */,
			);
			path = Services;
			sourceTree = "<group>";
		};
		C94942091ECBF71300C21862 /* Helpers */ = {
			isa = PBXGroup;
			children = (
				C94942131ECBFC9100C21862 /* Extension */,
				C93BCC171ED81338008A99FC /* Validation.swift */,
			);
			path = Helpers;
			sourceTree = "<group>";
		};
		C949420A1ECBF72000C21862 /* MainView */ = {
			isa = PBXGroup;
			children = (
				C949420F1ECBF8EC00C21862 /* Main.storyboard */,
				C94941D81ECBF5DC00C21862 /* MainViewController.swift */,
				C9AE767C1EDFC6CC00F2D4D4 /* TournamentViewController.swift */,
				C9AE767E1EDFC76000F2D4D4 /* StatisticViewController.swift */,
				C9F429371ED5683700A304C3 /* ProfileViewController.swift */,
			);
			path = MainView;
			sourceTree = "<group>";
		};
		C949420B1ECBF72E00C21862 /* LaunchView */ = {
			isa = PBXGroup;
			children = (
				C949420D1ECBF8CA00C21862 /* LaunchScreen.storyboard */,
			);
			path = LaunchView;
			sourceTree = "<group>";
		};
		C949420C1ECBF74900C21862 /* Resources */ = {
			isa = PBXGroup;
			children = (
				C94942181ECC001100C21862 /* Images */,
				C94942171ECC000A00C21862 /* Sounds */,
				C94942161ECC000500C21862 /* Fonts */,
			);
			path = Resources;
			sourceTree = "<group>";
		};
		C94942131ECBFC9100C21862 /* Extension */ = {
			isa = PBXGroup;
			children = (
				C96AC9761ECD85030055580B /* UIStoryboard+Loader.swift */,
				C9E7087A1ED41C000062B0BA /* String+Extension.swift */,
			);
			path = Extension;
			sourceTree = "<group>";
		};
		C94942161ECC000500C21862 /* Fonts */ = {
			isa = PBXGroup;
			children = (
			);
			path = Fonts;
			sourceTree = "<group>";
		};
		C94942171ECC000A00C21862 /* Sounds */ = {
			isa = PBXGroup;
			children = (
			);
			path = Sounds;
			sourceTree = "<group>";
		};
		C94942181ECC001100C21862 /* Images */ = {
			isa = PBXGroup;
			children = (
			);
			path = Images;
			sourceTree = "<group>";
		};
		C94942191ECC047100C21862 /* Frameworks */ = {
			isa = PBXGroup;
			children = (
				42704F6E113E2491B3558520 /* Pods_SportBook.framework */,
				7B3C706898DB9052943EB172 /* Pods_SportBookTests.framework */,
				2B427DEF1612F4A55DC3CA76 /* Pods_SportBookUITests.framework */,
			);
			name = Frameworks;
			sourceTree = "<group>";
		};
		C96AC9781ECD87290055580B /* AuthenticationView */ = {
			isa = PBXGroup;
			children = (
				C96AC9841ECD99000055580B /* Authentication.storyboard */,
				C96AC9861ECD99000055580B /* LoginViewController.swift */,
				C96AC9871ECD99000055580B /* SignupViewController.swift */,
				C96AC9851ECD99000055580B /* ForgotPasswordViewController.swift */,
			);
			path = AuthenticationView;
			sourceTree = "<group>";
		};
		C96AC9831ECD98410055580B /* AuthenticationViewModels */ = {
			isa = PBXGroup;
			children = (
				C93482041ED59B4800B069C1 /* LoginViewModel.swift */,
				C93482051ED59B4800B069C1 /* SignupViewModel.swift */,
				C93482021ED59B4100B069C1 /* ForgotPasswordViewModel.swift */,
			);
			path = AuthenticationViewModels;
			sourceTree = "<group>";
		};
		C97522CE1EE652DC00104336 /* ProfileView */ = {
			isa = PBXGroup;
			children = (
			);
			path = ProfileView;
			sourceTree = "<group>";
		};
		C97522CF1EE652DC00104336 /* StatisticView */ = {
			isa = PBXGroup;
			children = (
			);
			path = StatisticView;
			sourceTree = "<group>";
		};
		C97522D01EE652DC00104336 /* TournamentView */ = {
			isa = PBXGroup;
			children = (
				C9B65D751EE7E60C00C6F84C /* Cells */,
				C97522D11EE6533A00104336 /* MyTournamentViewController.swift */,
				C97522D31EE6573200104336 /* TournamentDetailViewController.swift */,
			);
			path = TournamentView;
			sourceTree = "<group>";
		};
		C9B65D681EE7B1A100C6F84C /* TournamentViewModels */ = {
			isa = PBXGroup;
			children = (
				C9B65D691EE7B21400C6F84C /* TournamentViewModel.swift */,
				C9B65D6B1EE7B21E00C6F84C /* MyTournamentViewModel.swift */,
				C9B65D6D1EE7B23000C6F84C /* TournamentSignUpViewModel.swift */,
				C9B65D6F1EE7B23D00C6F84C /* TournamentDetailViewModel.swift */,
			);
			path = TournamentViewModels;
			sourceTree = "<group>";
		};
		C9B65D751EE7E60C00C6F84C /* Cells */ = {
			isa = PBXGroup;
			children = (
				C9B65D761EE7E61F00C6F84C /* TournamentCell.swift */,
				C9B65D781EE7E62A00C6F84C /* MyTournamentCell.swift */,
			);
			path = Cells;
			sourceTree = "<group>";
		};
		C9E7086F1ED3DED30062B0BA /* API */ = {
			isa = PBXGroup;
			children = (
				C9E708781ED3E73A0062B0BA /* SportBookAPI.swift */,
				C9E708701ED3DEFC0062B0BA /* AuthenticationAPI.swift */,
				C9E708721ED3DF0E0062B0BA /* TournamentAPI.swift */,
				C9E708761ED3E6630062B0BA /* SkillAPI.swift */,
			);
			name = API;
			sourceTree = "<group>";
		};
/* End PBXGroup section */

/* Begin PBXNativeTarget section */
		C94941D21ECBF5DC00C21862 /* SportBook Staging */ = {
			isa = PBXNativeTarget;
			buildConfigurationList = C94941FB1ECBF5DD00C21862 /* Build configuration list for PBXNativeTarget "SportBook Staging" */;
			buildPhases = (
				A264848F8D58504296824748 /* [CP] Check Pods Manifest.lock */,
				C94941CF1ECBF5DC00C21862 /* Sources */,
				C94941D01ECBF5DC00C21862 /* Frameworks */,
				C94941D11ECBF5DC00C21862 /* Resources */,
				B9D86AFDE5DF78A47CDA3AC3 /* [CP] Embed Pods Frameworks */,
				C0118F486229CC523C041D72 /* [CP] Copy Pods Resources */,
				C9AE76801EE00A9D00F2D4D4 /* ShellScript */,
			);
			buildRules = (
			);
			dependencies = (
			);
			name = "SportBook Staging";
			productName = SportBook;
			productReference = C94941D31ECBF5DC00C21862 /* SportBook Staging.app */;
			productType = "com.apple.product-type.application";
		};
		C94941E61ECBF5DD00C21862 /* SportBookTests */ = {
			isa = PBXNativeTarget;
			buildConfigurationList = C94941FE1ECBF5DD00C21862 /* Build configuration list for PBXNativeTarget "SportBookTests" */;
			buildPhases = (
				4E40B00F81DE8EBB93011DA4 /* [CP] Check Pods Manifest.lock */,
				C94941E31ECBF5DD00C21862 /* Sources */,
				C94941E41ECBF5DD00C21862 /* Frameworks */,
				C94941E51ECBF5DD00C21862 /* Resources */,
				25E95BCC6162808BF4846DA2 /* [CP] Embed Pods Frameworks */,
				57BACFCDEE50B3100EDC729A /* [CP] Copy Pods Resources */,
			);
			buildRules = (
			);
			dependencies = (
				C94941E91ECBF5DD00C21862 /* PBXTargetDependency */,
			);
			name = SportBookTests;
			productName = SportBookTests;
			productReference = C94941E71ECBF5DD00C21862 /* SportBookTests.xctest */;
			productType = "com.apple.product-type.bundle.unit-test";
		};
		C94941F11ECBF5DD00C21862 /* SportBookUITests */ = {
			isa = PBXNativeTarget;
			buildConfigurationList = C94942011ECBF5DD00C21862 /* Build configuration list for PBXNativeTarget "SportBookUITests" */;
			buildPhases = (
				E96694B9A08DE8AA71B28718 /* [CP] Check Pods Manifest.lock */,
				C94941EE1ECBF5DD00C21862 /* Sources */,
				C94941EF1ECBF5DD00C21862 /* Frameworks */,
				C94941F01ECBF5DD00C21862 /* Resources */,
				0D8C6F44FC8E19D517DFD432 /* [CP] Embed Pods Frameworks */,
				DF64E8E2A28E3A7666CBE775 /* [CP] Copy Pods Resources */,
			);
			buildRules = (
			);
			dependencies = (
				C94941F41ECBF5DD00C21862 /* PBXTargetDependency */,
			);
			name = SportBookUITests;
			productName = SportBookUITests;
			productReference = C94941F21ECBF5DD00C21862 /* SportBookUITests.xctest */;
			productType = "com.apple.product-type.bundle.ui-testing";
		};
		C9D844661EE7FB0E00C77FD0 /* SportBook Production */ = {
			isa = PBXNativeTarget;
			buildConfigurationList = C9D844961EE7FB0E00C77FD0 /* Build configuration list for PBXNativeTarget "SportBook Production" */;
			buildPhases = (
				C9D844671EE7FB0E00C77FD0 /* [CP] Check Pods Manifest.lock */,
				C9D844681EE7FB0E00C77FD0 /* Sources */,
				C9D8448B1EE7FB0E00C77FD0 /* Frameworks */,
				C9D8448D1EE7FB0E00C77FD0 /* Resources */,
				C9D844931EE7FB0E00C77FD0 /* [CP] Embed Pods Frameworks */,
				C9D844941EE7FB0E00C77FD0 /* [CP] Copy Pods Resources */,
				C9D844951EE7FB0E00C77FD0 /* ShellScript */,
			);
			buildRules = (
			);
			dependencies = (
			);
			name = "SportBook Production";
			productName = SportBook;
			productReference = C9D844991EE7FB0E00C77FD0 /* SportBook Production.app */;
			productType = "com.apple.product-type.application";
		};
/* End PBXNativeTarget section */

/* Begin PBXProject section */
		C94941CB1ECBF5DC00C21862 /* Project object */ = {
			isa = PBXProject;
			attributes = {
				LastSwiftUpdateCheck = 0830;
				LastUpgradeCheck = 0830;
				ORGANIZATIONNAME = dinosys;
				TargetAttributes = {
					C94941D21ECBF5DC00C21862 = {
						CreatedOnToolsVersion = 8.3;
						DevelopmentTeam = 3EKY8KF8UW;
						ProvisioningStyle = Automatic;
						SystemCapabilities = {
							com.apple.Maps.iOS = {
								enabled = 0;
							};
						};
					};
					C94941E61ECBF5DD00C21862 = {
						CreatedOnToolsVersion = 8.3;
						ProvisioningStyle = Automatic;
						TestTargetID = C94941D21ECBF5DC00C21862;
					};
					C94941F11ECBF5DD00C21862 = {
						CreatedOnToolsVersion = 8.3;
						ProvisioningStyle = Automatic;
						TestTargetID = C94941D21ECBF5DC00C21862;
					};
					C9D844661EE7FB0E00C77FD0 = {
						DevelopmentTeam = 3EKY8KF8UW;
					};
				};
			};
			buildConfigurationList = C94941CE1ECBF5DC00C21862 /* Build configuration list for PBXProject "SportBook" */;
			compatibilityVersion = "Xcode 3.2";
			developmentRegion = English;
			hasScannedForEncodings = 0;
			knownRegions = (
				en,
				Base,
				vi,
			);
			mainGroup = C94941CA1ECBF5DC00C21862;
			productRefGroup = C94941D41ECBF5DC00C21862 /* Products */;
			projectDirPath = "";
			projectRoot = "";
			targets = (
				C94941D21ECBF5DC00C21862 /* SportBook Staging */,
				C9D844661EE7FB0E00C77FD0 /* SportBook Production */,
				C94941E61ECBF5DD00C21862 /* SportBookTests */,
				C94941F11ECBF5DD00C21862 /* SportBookUITests */,
			);
		};
/* End PBXProject section */

/* Begin PBXResourcesBuildPhase section */
		C94941D11ECBF5DC00C21862 /* Resources */ = {
			isa = PBXResourcesBuildPhase;
			buildActionMask = 2147483647;
			files = (
				C9B27E831EDE6D93009532E2 /* Localizable.strings in Resources */,
				C96AC9881ECD99000055580B /* Authentication.storyboard in Resources */,
				C949420E1ECBF8CA00C21862 /* LaunchScreen.storyboard in Resources */,
				C94941DE1ECBF5DC00C21862 /* Assets.xcassets in Resources */,
				C94942101ECBF8EC00C21862 /* Main.storyboard in Resources */,
			);
			runOnlyForDeploymentPostprocessing = 0;
		};
		C94941E51ECBF5DD00C21862 /* Resources */ = {
			isa = PBXResourcesBuildPhase;
			buildActionMask = 2147483647;
			files = (
			);
			runOnlyForDeploymentPostprocessing = 0;
		};
		C94941F01ECBF5DD00C21862 /* Resources */ = {
			isa = PBXResourcesBuildPhase;
			buildActionMask = 2147483647;
			files = (
			);
			runOnlyForDeploymentPostprocessing = 0;
		};
		C9D8448D1EE7FB0E00C77FD0 /* Resources */ = {
			isa = PBXResourcesBuildPhase;
			buildActionMask = 2147483647;
			files = (
				C9D8448E1EE7FB0E00C77FD0 /* Localizable.strings in Resources */,
				C9D8448F1EE7FB0E00C77FD0 /* Authentication.storyboard in Resources */,
				C9D844901EE7FB0E00C77FD0 /* LaunchScreen.storyboard in Resources */,
				C9D844911EE7FB0E00C77FD0 /* Assets.xcassets in Resources */,
				C9D844921EE7FB0E00C77FD0 /* Main.storyboard in Resources */,
			);
			runOnlyForDeploymentPostprocessing = 0;
		};
/* End PBXResourcesBuildPhase section */

/* Begin PBXShellScriptBuildPhase section */
		0D8C6F44FC8E19D517DFD432 /* [CP] Embed Pods Frameworks */ = {
			isa = PBXShellScriptBuildPhase;
			buildActionMask = 2147483647;
			files = (
			);
			inputPaths = (
			);
			name = "[CP] Embed Pods Frameworks";
			outputPaths = (
			);
			runOnlyForDeploymentPostprocessing = 0;
			shellPath = /bin/sh;
			shellScript = "\"${SRCROOT}/Pods/Target Support Files/Pods-SportBookUITests/Pods-SportBookUITests-frameworks.sh\"\n";
			showEnvVarsInLog = 0;
		};
		25E95BCC6162808BF4846DA2 /* [CP] Embed Pods Frameworks */ = {
			isa = PBXShellScriptBuildPhase;
			buildActionMask = 2147483647;
			files = (
			);
			inputPaths = (
			);
			name = "[CP] Embed Pods Frameworks";
			outputPaths = (
			);
			runOnlyForDeploymentPostprocessing = 0;
			shellPath = /bin/sh;
			shellScript = "\"${SRCROOT}/Pods/Target Support Files/Pods-SportBookTests/Pods-SportBookTests-frameworks.sh\"\n";
			showEnvVarsInLog = 0;
		};
		4E40B00F81DE8EBB93011DA4 /* [CP] Check Pods Manifest.lock */ = {
			isa = PBXShellScriptBuildPhase;
			buildActionMask = 2147483647;
			files = (
			);
			inputPaths = (
			);
			name = "[CP] Check Pods Manifest.lock";
			outputPaths = (
			);
			runOnlyForDeploymentPostprocessing = 0;
			shellPath = /bin/sh;
			shellScript = "diff \"${PODS_ROOT}/../Podfile.lock\" \"${PODS_ROOT}/Manifest.lock\" > /dev/null\nif [ $? != 0 ] ; then\n    # print error to STDERR\n    echo \"error: The sandbox is not in sync with the Podfile.lock. Run 'pod install' or update your CocoaPods installation.\" >&2\n    exit 1\nfi\n";
			showEnvVarsInLog = 0;
		};
		57BACFCDEE50B3100EDC729A /* [CP] Copy Pods Resources */ = {
			isa = PBXShellScriptBuildPhase;
			buildActionMask = 2147483647;
			files = (
			);
			inputPaths = (
			);
			name = "[CP] Copy Pods Resources";
			outputPaths = (
			);
			runOnlyForDeploymentPostprocessing = 0;
			shellPath = /bin/sh;
			shellScript = "\"${SRCROOT}/Pods/Target Support Files/Pods-SportBookTests/Pods-SportBookTests-resources.sh\"\n";
			showEnvVarsInLog = 0;
		};
		A264848F8D58504296824748 /* [CP] Check Pods Manifest.lock */ = {
			isa = PBXShellScriptBuildPhase;
			buildActionMask = 2147483647;
			files = (
			);
			inputPaths = (
			);
			name = "[CP] Check Pods Manifest.lock";
			outputPaths = (
			);
			runOnlyForDeploymentPostprocessing = 0;
			shellPath = /bin/sh;
			shellScript = "diff \"${PODS_ROOT}/../Podfile.lock\" \"${PODS_ROOT}/Manifest.lock\" > /dev/null\nif [ $? != 0 ] ; then\n    # print error to STDERR\n    echo \"error: The sandbox is not in sync with the Podfile.lock. Run 'pod install' or update your CocoaPods installation.\" >&2\n    exit 1\nfi\n";
			showEnvVarsInLog = 0;
		};
		B9D86AFDE5DF78A47CDA3AC3 /* [CP] Embed Pods Frameworks */ = {
			isa = PBXShellScriptBuildPhase;
			buildActionMask = 2147483647;
			files = (
			);
			inputPaths = (
			);
			name = "[CP] Embed Pods Frameworks";
			outputPaths = (
			);
			runOnlyForDeploymentPostprocessing = 0;
			shellPath = /bin/sh;
			shellScript = "\"${SRCROOT}/Pods/Target Support Files/Pods-SportBook/Pods-SportBook-frameworks.sh\"\n";
			showEnvVarsInLog = 0;
		};
		C0118F486229CC523C041D72 /* [CP] Copy Pods Resources */ = {
			isa = PBXShellScriptBuildPhase;
			buildActionMask = 2147483647;
			files = (
			);
			inputPaths = (
			);
			name = "[CP] Copy Pods Resources";
			outputPaths = (
			);
			runOnlyForDeploymentPostprocessing = 0;
			shellPath = /bin/sh;
			shellScript = "\"${SRCROOT}/Pods/Target Support Files/Pods-SportBook/Pods-SportBook-resources.sh\"\n";
			showEnvVarsInLog = 0;
		};
		C9AE76801EE00A9D00F2D4D4 /* ShellScript */ = {
			isa = PBXShellScriptBuildPhase;
			buildActionMask = 2147483647;
			files = (
			);
			inputPaths = (
			);
			outputPaths = (
			);
			runOnlyForDeploymentPostprocessing = 0;
			shellPath = /bin/sh;
			shellScript = "\"${PODS_ROOT}/Fabric/run\" 78d86a8dada125d697bcf29c067c02c49881586d 40fdaeccdc309b789462b0d9a51a04a9b0538a117feeb8b83a6d0fc54e94f1af";
		};
		C9D844671EE7FB0E00C77FD0 /* [CP] Check Pods Manifest.lock */ = {
			isa = PBXShellScriptBuildPhase;
			buildActionMask = 2147483647;
			files = (
			);
			inputPaths = (
			);
			name = "[CP] Check Pods Manifest.lock";
			outputPaths = (
			);
			runOnlyForDeploymentPostprocessing = 0;
			shellPath = /bin/sh;
			shellScript = "diff \"${PODS_ROOT}/../Podfile.lock\" \"${PODS_ROOT}/Manifest.lock\" > /dev/null\nif [ $? != 0 ] ; then\n    # print error to STDERR\n    echo \"error: The sandbox is not in sync with the Podfile.lock. Run 'pod install' or update your CocoaPods installation.\" >&2\n    exit 1\nfi\n";
			showEnvVarsInLog = 0;
		};
		C9D844931EE7FB0E00C77FD0 /* [CP] Embed Pods Frameworks */ = {
			isa = PBXShellScriptBuildPhase;
			buildActionMask = 2147483647;
			files = (
			);
			inputPaths = (
			);
			name = "[CP] Embed Pods Frameworks";
			outputPaths = (
			);
			runOnlyForDeploymentPostprocessing = 0;
			shellPath = /bin/sh;
			shellScript = "\"${SRCROOT}/Pods/Target Support Files/Pods-SportBook/Pods-SportBook-frameworks.sh\"\n";
			showEnvVarsInLog = 0;
		};
		C9D844941EE7FB0E00C77FD0 /* [CP] Copy Pods Resources */ = {
			isa = PBXShellScriptBuildPhase;
			buildActionMask = 2147483647;
			files = (
			);
			inputPaths = (
			);
			name = "[CP] Copy Pods Resources";
			outputPaths = (
			);
			runOnlyForDeploymentPostprocessing = 0;
			shellPath = /bin/sh;
			shellScript = "\"${SRCROOT}/Pods/Target Support Files/Pods-SportBook/Pods-SportBook-resources.sh\"\n";
			showEnvVarsInLog = 0;
		};
		C9D844951EE7FB0E00C77FD0 /* ShellScript */ = {
			isa = PBXShellScriptBuildPhase;
			buildActionMask = 2147483647;
			files = (
			);
			inputPaths = (
			);
			outputPaths = (
			);
			runOnlyForDeploymentPostprocessing = 0;
			shellPath = /bin/sh;
			shellScript = "\"${PODS_ROOT}/Fabric/run\" 78d86a8dada125d697bcf29c067c02c49881586d 40fdaeccdc309b789462b0d9a51a04a9b0538a117feeb8b83a6d0fc54e94f1af";
		};
		DF64E8E2A28E3A7666CBE775 /* [CP] Copy Pods Resources */ = {
			isa = PBXShellScriptBuildPhase;
			buildActionMask = 2147483647;
			files = (
			);
			inputPaths = (
			);
			name = "[CP] Copy Pods Resources";
			outputPaths = (
			);
			runOnlyForDeploymentPostprocessing = 0;
			shellPath = /bin/sh;
			shellScript = "\"${SRCROOT}/Pods/Target Support Files/Pods-SportBookUITests/Pods-SportBookUITests-resources.sh\"\n";
			showEnvVarsInLog = 0;
		};
		E96694B9A08DE8AA71B28718 /* [CP] Check Pods Manifest.lock */ = {
			isa = PBXShellScriptBuildPhase;
			buildActionMask = 2147483647;
			files = (
			);
			inputPaths = (
			);
			name = "[CP] Check Pods Manifest.lock";
			outputPaths = (
			);
			runOnlyForDeploymentPostprocessing = 0;
			shellPath = /bin/sh;
			shellScript = "diff \"${PODS_ROOT}/../Podfile.lock\" \"${PODS_ROOT}/Manifest.lock\" > /dev/null\nif [ $? != 0 ] ; then\n    # print error to STDERR\n    echo \"error: The sandbox is not in sync with the Podfile.lock. Run 'pod install' or update your CocoaPods installation.\" >&2\n    exit 1\nfi\n";
			showEnvVarsInLog = 0;
		};
/* End PBXShellScriptBuildPhase section */

/* Begin PBXSourcesBuildPhase section */
		C94941CF1ECBF5DC00C21862 /* Sources */ = {
			isa = PBXSourcesBuildPhase;
			buildActionMask = 2147483647;
			files = (
				C9B65D791EE7E62A00C6F84C /* MyTournamentCell.swift in Sources */,
				C98FD1CA1EDD5127004BA4E3 /* ThemeManager.swift in Sources */,
				C9E7087F1ED41CE00062B0BA /* UserManager.swift in Sources */,
				C93BCC181ED81338008A99FC /* Validation.swift in Sources */,
				C9E7087B1ED41C000062B0BA /* String+Extension.swift in Sources */,
				C9B65D771EE7E61F00C6F84C /* TournamentCell.swift in Sources */,
				C9B27E8D1EDED89B009532E2 /* ErrorManager.swift in Sources */,
				C9F429381ED5683700A304C3 /* ProfileViewController.swift in Sources */,
				C9E708731ED3DF0E0062B0BA /* TournamentAPI.swift in Sources */,
				C9AE767D1EDFC6CC00F2D4D4 /* TournamentViewController.swift in Sources */,
				C96AC98A1ECD99000055580B /* LoginViewController.swift in Sources */,
				C9E708771ED3E6630062B0BA /* SkillAPI.swift in Sources */,
				C93482071ED59B4800B069C1 /* SignupViewModel.swift in Sources */,
				C93482031ED59B4100B069C1 /* ForgotPasswordViewModel.swift in Sources */,
				C97522D21EE6533A00104336 /* MyTournamentViewController.swift in Sources */,
				C96AC98B1ECD99000055580B /* SignupViewController.swift in Sources */,
				C9B65D6E1EE7B23000C6F84C /* TournamentSignUpViewModel.swift in Sources */,
				C94941D91ECBF5DC00C21862 /* MainViewController.swift in Sources */,
				C9E7087D1ED41CCF0062B0BA /* UserModel.swift in Sources */,
				C97522D41EE6573200104336 /* TournamentDetailViewController.swift in Sources */,
				C9B65D6C1EE7B21E00C6F84C /* MyTournamentViewModel.swift in Sources */,
				C96AC9891ECD99000055580B /* ForgotPasswordViewController.swift in Sources */,
				C9B65D701EE7B23D00C6F84C /* TournamentDetailViewModel.swift in Sources */,
				C9E708791ED3E73A0062B0BA /* SportBookAPI.swift in Sources */,
				C9E708711ED3DEFC0062B0BA /* AuthenticationAPI.swift in Sources */,
				C9AE767F1EDFC76000F2D4D4 /* StatisticViewController.swift in Sources */,
				C94941D71ECBF5DC00C21862 /* AppDelegate.swift in Sources */,
				C9B65D721EE7B63300C6F84C /* TournamentModel.swift in Sources */,
				C96AC9821ECD88900055580B /* BaseViewController.swift in Sources */,
				C93BCC161ED7EDCB008A99FC /* AuthManager.swift in Sources */,
				C9B65D741EE7DDD700C6F84C /* CachedManager.swift in Sources */,
				C9B65D6A1EE7B21400C6F84C /* TournamentViewModel.swift in Sources */,
				C93482061ED59B4800B069C1 /* LoginViewModel.swift in Sources */,
				C96AC9771ECD85030055580B /* UIStoryboard+Loader.swift in Sources */,
			);
			runOnlyForDeploymentPostprocessing = 0;
		};
		C94941E31ECBF5DD00C21862 /* Sources */ = {
			isa = PBXSourcesBuildPhase;
			buildActionMask = 2147483647;
			files = (
				C94941EC1ECBF5DD00C21862 /* SportBookTests.swift in Sources */,
			);
			runOnlyForDeploymentPostprocessing = 0;
		};
		C94941EE1ECBF5DD00C21862 /* Sources */ = {
			isa = PBXSourcesBuildPhase;
			buildActionMask = 2147483647;
			files = (
				C94941F71ECBF5DD00C21862 /* SportBookUITests.swift in Sources */,
			);
			runOnlyForDeploymentPostprocessing = 0;
		};
		C9D844681EE7FB0E00C77FD0 /* Sources */ = {
			isa = PBXSourcesBuildPhase;
			buildActionMask = 2147483647;
			files = (
				C9D844691EE7FB0E00C77FD0 /* MyTournamentCell.swift in Sources */,
				C9D8446A1EE7FB0E00C77FD0 /* ThemeManager.swift in Sources */,
				C9D8446B1EE7FB0E00C77FD0 /* UserManager.swift in Sources */,
				C9D8446C1EE7FB0E00C77FD0 /* Validation.swift in Sources */,
				C9D8446D1EE7FB0E00C77FD0 /* String+Extension.swift in Sources */,
				C9D8446E1EE7FB0E00C77FD0 /* TournamentCell.swift in Sources */,
				C9D8446F1EE7FB0E00C77FD0 /* ErrorManager.swift in Sources */,
				C9D844701EE7FB0E00C77FD0 /* ProfileViewController.swift in Sources */,
				C9D844711EE7FB0E00C77FD0 /* TournamentAPI.swift in Sources */,
				C9D844721EE7FB0E00C77FD0 /* TournamentViewController.swift in Sources */,
				C9D844731EE7FB0E00C77FD0 /* LoginViewController.swift in Sources */,
				C9D844741EE7FB0E00C77FD0 /* SkillAPI.swift in Sources */,
				C9D844751EE7FB0E00C77FD0 /* SignupViewModel.swift in Sources */,
				C9D844761EE7FB0E00C77FD0 /* ForgotPasswordViewModel.swift in Sources */,
				C9D844771EE7FB0E00C77FD0 /* MyTournamentViewController.swift in Sources */,
				C9D844781EE7FB0E00C77FD0 /* SignupViewController.swift in Sources */,
				C9D844791EE7FB0E00C77FD0 /* TournamentSignUpViewModel.swift in Sources */,
				C9D8447A1EE7FB0E00C77FD0 /* MainViewController.swift in Sources */,
				C9D8447B1EE7FB0E00C77FD0 /* UserModel.swift in Sources */,
				C9D8447C1EE7FB0E00C77FD0 /* TournamentDetailViewController.swift in Sources */,
				C9D8447D1EE7FB0E00C77FD0 /* MyTournamentViewModel.swift in Sources */,
				C9D8447E1EE7FB0E00C77FD0 /* ForgotPasswordViewController.swift in Sources */,
				C9D8447F1EE7FB0E00C77FD0 /* TournamentDetailViewModel.swift in Sources */,
				C9D844801EE7FB0E00C77FD0 /* SportBookAPI.swift in Sources */,
				C9D844811EE7FB0E00C77FD0 /* AuthenticationAPI.swift in Sources */,
				C9D844821EE7FB0E00C77FD0 /* StatisticViewController.swift in Sources */,
				C9D844831EE7FB0E00C77FD0 /* AppDelegate.swift in Sources */,
				C9D844841EE7FB0E00C77FD0 /* TournamentModel.swift in Sources */,
				C9D844851EE7FB0E00C77FD0 /* BaseViewController.swift in Sources */,
				C9D844861EE7FB0E00C77FD0 /* AuthManager.swift in Sources */,
				C9D844871EE7FB0E00C77FD0 /* CachedManager.swift in Sources */,
				C9D844881EE7FB0E00C77FD0 /* TournamentViewModel.swift in Sources */,
				C9D844891EE7FB0E00C77FD0 /* LoginViewModel.swift in Sources */,
				C9D8448A1EE7FB0E00C77FD0 /* UIStoryboard+Loader.swift in Sources */,
			);
			runOnlyForDeploymentPostprocessing = 0;
		};
/* End PBXSourcesBuildPhase section */

/* Begin PBXTargetDependency section */
		C94941E91ECBF5DD00C21862 /* PBXTargetDependency */ = {
			isa = PBXTargetDependency;
			target = C94941D21ECBF5DC00C21862 /* SportBook Staging */;
			targetProxy = C94941E81ECBF5DD00C21862 /* PBXContainerItemProxy */;
		};
		C94941F41ECBF5DD00C21862 /* PBXTargetDependency */ = {
			isa = PBXTargetDependency;
			target = C94941D21ECBF5DC00C21862 /* SportBook Staging */;
			targetProxy = C94941F31ECBF5DD00C21862 /* PBXContainerItemProxy */;
		};
/* End PBXTargetDependency section */

/* Begin PBXVariantGroup section */
		C9B27E851EDE6D93009532E2 /* Localizable.strings */ = {
			isa = PBXVariantGroup;
			children = (
				C9B27E841EDE6D93009532E2 /* Base */,
				C9B27E871EDE7411009532E2 /* vi */,
			);
			name = Localizable.strings;
			path = Application;
			sourceTree = "<group>";
		};
/* End PBXVariantGroup section */

/* Begin XCBuildConfiguration section */
		C94941F91ECBF5DD00C21862 /* Debug */ = {
			isa = XCBuildConfiguration;
			buildSettings = {
				ALWAYS_SEARCH_USER_PATHS = NO;
				CLANG_ANALYZER_LOCALIZABILITY_NONLOCALIZED = YES;
				CLANG_ANALYZER_NONNULL = YES;
				CLANG_ANALYZER_NUMBER_OBJECT_CONVERSION = YES_AGGRESSIVE;
				CLANG_CXX_LANGUAGE_STANDARD = "gnu++0x";
				CLANG_CXX_LIBRARY = "libc++";
				CLANG_ENABLE_MODULES = YES;
				CLANG_ENABLE_OBJC_ARC = YES;
				CLANG_WARN_BOOL_CONVERSION = YES;
				CLANG_WARN_CONSTANT_CONVERSION = YES;
				CLANG_WARN_DIRECT_OBJC_ISA_USAGE = YES_ERROR;
				CLANG_WARN_DOCUMENTATION_COMMENTS = YES;
				CLANG_WARN_EMPTY_BODY = YES;
				CLANG_WARN_ENUM_CONVERSION = YES;
				CLANG_WARN_INFINITE_RECURSION = YES;
				CLANG_WARN_INT_CONVERSION = YES;
				CLANG_WARN_OBJC_ROOT_CLASS = YES_ERROR;
				CLANG_WARN_SUSPICIOUS_MOVE = YES;
				CLANG_WARN_UNREACHABLE_CODE = YES;
				CLANG_WARN__DUPLICATE_METHOD_MATCH = YES;
				"CODE_SIGN_IDENTITY[sdk=iphoneos*]" = "iPhone Developer";
				COPY_PHASE_STRIP = NO;
				DEBUG_INFORMATION_FORMAT = dwarf;
				ENABLE_STRICT_OBJC_MSGSEND = YES;
				ENABLE_TESTABILITY = YES;
				GCC_C_LANGUAGE_STANDARD = gnu99;
				GCC_DYNAMIC_NO_PIC = NO;
				GCC_NO_COMMON_BLOCKS = YES;
				GCC_OPTIMIZATION_LEVEL = 0;
				GCC_PREPROCESSOR_DEFINITIONS = (
					"DEBUG=1",
					"$(inherited)",
				);
				GCC_WARN_64_TO_32_BIT_CONVERSION = YES;
				GCC_WARN_ABOUT_RETURN_TYPE = YES_ERROR;
				GCC_WARN_UNDECLARED_SELECTOR = YES;
				GCC_WARN_UNINITIALIZED_AUTOS = YES_AGGRESSIVE;
				GCC_WARN_UNUSED_FUNCTION = YES;
				GCC_WARN_UNUSED_VARIABLE = YES;
				IPHONEOS_DEPLOYMENT_TARGET = 9.1;
				MTL_ENABLE_DEBUG_INFO = YES;
				ONLY_ACTIVE_ARCH = YES;
				SDKROOT = iphoneos;
				SWIFT_ACTIVE_COMPILATION_CONDITIONS = DEBUG;
				SWIFT_OPTIMIZATION_LEVEL = "-Onone";
			};
			name = Debug;
		};
		C94941FA1ECBF5DD00C21862 /* Release */ = {
			isa = XCBuildConfiguration;
			buildSettings = {
				ALWAYS_SEARCH_USER_PATHS = NO;
				CLANG_ANALYZER_LOCALIZABILITY_NONLOCALIZED = YES;
				CLANG_ANALYZER_NONNULL = YES;
				CLANG_ANALYZER_NUMBER_OBJECT_CONVERSION = YES_AGGRESSIVE;
				CLANG_CXX_LANGUAGE_STANDARD = "gnu++0x";
				CLANG_CXX_LIBRARY = "libc++";
				CLANG_ENABLE_MODULES = YES;
				CLANG_ENABLE_OBJC_ARC = YES;
				CLANG_WARN_BOOL_CONVERSION = YES;
				CLANG_WARN_CONSTANT_CONVERSION = YES;
				CLANG_WARN_DIRECT_OBJC_ISA_USAGE = YES_ERROR;
				CLANG_WARN_DOCUMENTATION_COMMENTS = YES;
				CLANG_WARN_EMPTY_BODY = YES;
				CLANG_WARN_ENUM_CONVERSION = YES;
				CLANG_WARN_INFINITE_RECURSION = YES;
				CLANG_WARN_INT_CONVERSION = YES;
				CLANG_WARN_OBJC_ROOT_CLASS = YES_ERROR;
				CLANG_WARN_SUSPICIOUS_MOVE = YES;
				CLANG_WARN_UNREACHABLE_CODE = YES;
				CLANG_WARN__DUPLICATE_METHOD_MATCH = YES;
				"CODE_SIGN_IDENTITY[sdk=iphoneos*]" = "iPhone Developer";
				COPY_PHASE_STRIP = NO;
				DEBUG_INFORMATION_FORMAT = "dwarf-with-dsym";
				ENABLE_NS_ASSERTIONS = NO;
				ENABLE_STRICT_OBJC_MSGSEND = YES;
				GCC_C_LANGUAGE_STANDARD = gnu99;
				GCC_NO_COMMON_BLOCKS = YES;
				GCC_WARN_64_TO_32_BIT_CONVERSION = YES;
				GCC_WARN_ABOUT_RETURN_TYPE = YES_ERROR;
				GCC_WARN_UNDECLARED_SELECTOR = YES;
				GCC_WARN_UNINITIALIZED_AUTOS = YES_AGGRESSIVE;
				GCC_WARN_UNUSED_FUNCTION = YES;
				GCC_WARN_UNUSED_VARIABLE = YES;
				IPHONEOS_DEPLOYMENT_TARGET = 9.1;
				MTL_ENABLE_DEBUG_INFO = NO;
				SDKROOT = iphoneos;
				SWIFT_OPTIMIZATION_LEVEL = "-Owholemodule";
				VALIDATE_PRODUCT = YES;
			};
			name = Release;
		};
		C94941FC1ECBF5DD00C21862 /* Debug */ = {
			isa = XCBuildConfiguration;
			baseConfigurationReference = 350684161D897DF674F8B065 /* Pods-SportBook.debug.xcconfig */;
			buildSettings = {
				ASSETCATALOG_COMPILER_APPICON_NAME = AppIcon;
				DEVELOPMENT_TEAM = 3EKY8KF8UW;
				INFOPLIST_FILE = "$(SRCROOT)/SportBook/Staging Info.plist";
				LD_RUNPATH_SEARCH_PATHS = "$(inherited) @executable_path/Frameworks";
				PRODUCT_BUNDLE_IDENTIFIER = "com.dinosys.sportbook-staging";
				PRODUCT_NAME = "$(TARGET_NAME)";
				SWIFT_VERSION = 3.0;
			};
			name = Debug;
		};
		C94941FD1ECBF5DD00C21862 /* Release */ = {
			isa = XCBuildConfiguration;
			baseConfigurationReference = 035B11BB9252AD20E439E961 /* Pods-SportBook.release.xcconfig */;
			buildSettings = {
				ASSETCATALOG_COMPILER_APPICON_NAME = AppIcon;
				DEVELOPMENT_TEAM = 3EKY8KF8UW;
				INFOPLIST_FILE = "$(SRCROOT)/SportBook/Staging Info.plist";
				LD_RUNPATH_SEARCH_PATHS = "$(inherited) @executable_path/Frameworks";
				PRODUCT_BUNDLE_IDENTIFIER = "com.dinosys.sportbook-staging";
				PRODUCT_NAME = "$(TARGET_NAME)";
				SWIFT_VERSION = 3.0;
			};
			name = Release;
		};
		C94941FF1ECBF5DD00C21862 /* Debug */ = {
			isa = XCBuildConfiguration;
			baseConfigurationReference = 9F2388BB8D1FCE93A98C9C0A /* Pods-SportBookTests.debug.xcconfig */;
			buildSettings = {
				ALWAYS_EMBED_SWIFT_STANDARD_LIBRARIES = YES;
				BUNDLE_LOADER = "$(TEST_HOST)";
				INFOPLIST_FILE = SportBookTests/Info.plist;
				LD_RUNPATH_SEARCH_PATHS = "$(inherited) @executable_path/Frameworks @loader_path/Frameworks";
				PRODUCT_BUNDLE_IDENTIFIER = com.dinosys.SportBookTests;
				PRODUCT_NAME = "$(TARGET_NAME)";
				SWIFT_VERSION = 3.0;
				TEST_HOST = "$(BUILT_PRODUCTS_DIR)/SportBook.app/SportBook";
			};
			name = Debug;
		};
		C94942001ECBF5DD00C21862 /* Release */ = {
			isa = XCBuildConfiguration;
			baseConfigurationReference = EE89B75FCAFF3E731AB7731A /* Pods-SportBookTests.release.xcconfig */;
			buildSettings = {
				ALWAYS_EMBED_SWIFT_STANDARD_LIBRARIES = YES;
				BUNDLE_LOADER = "$(TEST_HOST)";
				INFOPLIST_FILE = SportBookTests/Info.plist;
				LD_RUNPATH_SEARCH_PATHS = "$(inherited) @executable_path/Frameworks @loader_path/Frameworks";
				PRODUCT_BUNDLE_IDENTIFIER = com.dinosys.SportBookTests;
				PRODUCT_NAME = "$(TARGET_NAME)";
				SWIFT_VERSION = 3.0;
				TEST_HOST = "$(BUILT_PRODUCTS_DIR)/SportBook.app/SportBook";
			};
			name = Release;
		};
		C94942021ECBF5DD00C21862 /* Debug */ = {
			isa = XCBuildConfiguration;
			baseConfigurationReference = 86AE5EE0368962AAE5CED1B3 /* Pods-SportBookUITests.debug.xcconfig */;
			buildSettings = {
				ALWAYS_EMBED_SWIFT_STANDARD_LIBRARIES = YES;
				INFOPLIST_FILE = SportBookUITests/Info.plist;
				LD_RUNPATH_SEARCH_PATHS = "$(inherited) @executable_path/Frameworks @loader_path/Frameworks";
				PRODUCT_BUNDLE_IDENTIFIER = com.dinosys.SportBookUITests;
				PRODUCT_NAME = "$(TARGET_NAME)";
				SWIFT_VERSION = 3.0;
				TEST_TARGET_NAME = SportBook;
			};
			name = Debug;
		};
		C94942031ECBF5DD00C21862 /* Release */ = {
			isa = XCBuildConfiguration;
			baseConfigurationReference = 863EA37F482AD44FB37B2055 /* Pods-SportBookUITests.release.xcconfig */;
			buildSettings = {
				ALWAYS_EMBED_SWIFT_STANDARD_LIBRARIES = YES;
				INFOPLIST_FILE = SportBookUITests/Info.plist;
				LD_RUNPATH_SEARCH_PATHS = "$(inherited) @executable_path/Frameworks @loader_path/Frameworks";
				PRODUCT_BUNDLE_IDENTIFIER = com.dinosys.SportBookUITests;
				PRODUCT_NAME = "$(TARGET_NAME)";
				SWIFT_VERSION = 3.0;
				TEST_TARGET_NAME = SportBook;
			};
			name = Release;
		};
		C9D844971EE7FB0E00C77FD0 /* Debug */ = {
			isa = XCBuildConfiguration;
			baseConfigurationReference = 350684161D897DF674F8B065 /* Pods-SportBook.debug.xcconfig */;
			buildSettings = {
				ASSETCATALOG_COMPILER_APPICON_NAME = AppIcon;
				DEVELOPMENT_TEAM = 3EKY8KF8UW;
				INFOPLIST_FILE = "$(SRCROOT)/Production Info.plist";
				LD_RUNPATH_SEARCH_PATHS = "$(inherited) @executable_path/Frameworks";
				PRODUCT_BUNDLE_IDENTIFIER = "com.dinosys.sportbook-production";
				PRODUCT_NAME = "$(TARGET_NAME)";
				SWIFT_VERSION = 3.0;
			};
			name = Debug;
		};
		C9D844981EE7FB0E00C77FD0 /* Release */ = {
			isa = XCBuildConfiguration;
			baseConfigurationReference = 035B11BB9252AD20E439E961 /* Pods-SportBook.release.xcconfig */;
			buildSettings = {
				ASSETCATALOG_COMPILER_APPICON_NAME = AppIcon;
				DEVELOPMENT_TEAM = 3EKY8KF8UW;
				INFOPLIST_FILE = "$(SRCROOT)/Production Info.plist";
				LD_RUNPATH_SEARCH_PATHS = "$(inherited) @executable_path/Frameworks";
				PRODUCT_BUNDLE_IDENTIFIER = "com.dinosys.sportbook-production";
				PRODUCT_NAME = "$(TARGET_NAME)";
				SWIFT_VERSION = 3.0;
			};
			name = Release;
		};
/* End XCBuildConfiguration section */

/* Begin XCConfigurationList section */
		C94941CE1ECBF5DC00C21862 /* Build configuration list for PBXProject "SportBook" */ = {
			isa = XCConfigurationList;
			buildConfigurations = (
				C94941F91ECBF5DD00C21862 /* Debug */,
				C94941FA1ECBF5DD00C21862 /* Release */,
			);
			defaultConfigurationIsVisible = 0;
			defaultConfigurationName = Release;
		};
		C94941FB1ECBF5DD00C21862 /* Build configuration list for PBXNativeTarget "SportBook Staging" */ = {
			isa = XCConfigurationList;
			buildConfigurations = (
				C94941FC1ECBF5DD00C21862 /* Debug */,
				C94941FD1ECBF5DD00C21862 /* Release */,
			);
			defaultConfigurationIsVisible = 0;
			defaultConfigurationName = Release;
		};
		C94941FE1ECBF5DD00C21862 /* Build configuration list for PBXNativeTarget "SportBookTests" */ = {
			isa = XCConfigurationList;
			buildConfigurations = (
				C94941FF1ECBF5DD00C21862 /* Debug */,
				C94942001ECBF5DD00C21862 /* Release */,
			);
			defaultConfigurationIsVisible = 0;
			defaultConfigurationName = Release;
		};
		C94942011ECBF5DD00C21862 /* Build configuration list for PBXNativeTarget "SportBookUITests" */ = {
			isa = XCConfigurationList;
			buildConfigurations = (
				C94942021ECBF5DD00C21862 /* Debug */,
				C94942031ECBF5DD00C21862 /* Release */,
			);
			defaultConfigurationIsVisible = 0;
			defaultConfigurationName = Release;
		};
		C9D844961EE7FB0E00C77FD0 /* Build configuration list for PBXNativeTarget "SportBook Production" */ = {
			isa = XCConfigurationList;
			buildConfigurations = (
				C9D844971EE7FB0E00C77FD0 /* Debug */,
				C9D844981EE7FB0E00C77FD0 /* Release */,
			);
			defaultConfigurationIsVisible = 0;
			defaultConfigurationName = Release;
		};
/* End XCConfigurationList section */
	};
	rootObject = C94941CB1ECBF5DC00C21862 /* Project object */;
}
